Microsoft Visual Studio Solution File, Format Version 9.00
# Visual Studio 2005
Project("{8BC9CEB8-8B4A-11D0-8D11-00A0C91BC942}") = "audio", "vc8\audio.vcproj", "{4733BD1A-E04C-458D-8BFB-5010250EA497}"
	ProjectSection(WebsiteProperties) = preProject
		Debug.AspNetCompiler.Debug = "True"
		Release.AspNetCompiler.Debug = "False"
	EndProjectSection
	ProjectSection(ProjectDependencies) = postProject
		{2240ECD7-2F48-4431-8E1B-25466A384CCC} = {2240ECD7-2F48-4431-8E1B-25466A384CCC}
		{271715F3-5B90-4110-A552-70C788084A86} = {271715F3-5B90-4110-A552-70C788084A86}
	EndProjectSection
EndProject
Project("{8BC9CEB8-8B4A-11D0-8D11-00A0C91BC942}") = "core", "vc8\core.vcproj", "{271715F3-5B90-4110-A552-70C788084A86}"
	ProjectSection(WebsiteProperties) = preProject
		Debug.AspNetCompiler.Debug = "True"
		Release.AspNetCompiler.Debug = "False"
	EndProjectSection
	ProjectSection(ProjectDependencies) = postProject
		{35E36A06-0A5C-4A0D-9AB6-5A05EAA87626} = {35E36A06-0A5C-4A0D-9AB6-5A05EAA87626}
		{53C56131-E2AA-4A27-B460-7AC05D61A0E6} = {53C56131-E2AA-4A27-B460-7AC05D61A0E6}
		{2240ECD7-2F48-4431-8E1B-25466A384CCC} = {2240ECD7-2F48-4431-8E1B-25466A384CCC}
		{F101C2F0-1CB9-4A57-827B-6C399A99B28F} = {F101C2F0-1CB9-4A57-827B-6C399A99B28F}
		{9CC704CB-4956-4479-BDEC-57CBC03F700E} = {9CC704CB-4956-4479-BDEC-57CBC03F700E}
	EndProjectSection
EndProject
Project("{8BC9CEB8-8B4A-11D0-8D11-00A0C91BC942}") = "network", "vc8\network.vcproj", "{35575B59-E1AE-40E8-89C4-2862B5B09B68}"
	ProjectSection(WebsiteProperties) = preProject
		Debug.AspNetCompiler.Debug = "True"
		Release.AspNetCompiler.Debug = "False"
	EndProjectSection
	ProjectSection(ProjectDependencies) = postProject
		{2240ECD7-2F48-4431-8E1B-25466A384CCC} = {2240ECD7-2F48-4431-8E1B-25466A384CCC}
		{271715F3-5B90-4110-A552-70C788084A86} = {271715F3-5B90-4110-A552-70C788084A86}
	EndProjectSection
EndProject
Project("{8BC9CEB8-8B4A-11D0-8D11-00A0C91BC942}") = "orxonox", "vc8\orxonox.vcproj", "{0B6C5CFD-F91B-432A-80A3-2610F61E060B}"
	ProjectSection(WebsiteProperties) = preProject
		Debug.AspNetCompiler.Debug = "True"
		Release.AspNetCompiler.Debug = "False"
	EndProjectSection
	ProjectSection(ProjectDependencies) = postProject
		{35E36A06-0A5C-4A0D-9AB6-5A05EAA87626} = {35E36A06-0A5C-4A0D-9AB6-5A05EAA87626}
		{53C56131-E2AA-4A27-B460-7AC05D61A0E6} = {53C56131-E2AA-4A27-B460-7AC05D61A0E6}
		{4733BD1A-E04C-458D-8BFB-5010250EA497} = {4733BD1A-E04C-458D-8BFB-5010250EA497}
		{271715F3-5B90-4110-A552-70C788084A86} = {271715F3-5B90-4110-A552-70C788084A86}
		{F101C2F0-1CB9-4A57-827B-6C399A99B28F} = {F101C2F0-1CB9-4A57-827B-6C399A99B28F}
		{2240ECD7-2F48-4431-8E1B-25466A384CCC} = {2240ECD7-2F48-4431-8E1B-25466A384CCC}
		{9CC704CB-4956-4479-BDEC-57CBC03F700E} = {9CC704CB-4956-4479-BDEC-57CBC03F700E}
		{35575B59-E1AE-40E8-89C4-2862B5B09B68} = {35575B59-E1AE-40E8-89C4-2862B5B09B68}
	EndProjectSection
EndProject
Project("{8BC9CEB8-8B4A-11D0-8D11-00A0C91BC942}") = "util", "vc8\util.vcproj", "{2240ECD7-2F48-4431-8E1B-25466A384CCC}"
	ProjectSection(WebsiteProperties) = preProject
		Debug.AspNetCompiler.Debug = "True"
		Release.AspNetCompiler.Debug = "False"
	EndProjectSection
EndProject
Project("{8BC9CEB8-8B4A-11D0-8D11-00A0C91BC942}") = "tixml", "vc8\tixml.vcproj", "{F101C2F0-1CB9-4A57-827B-6C399A99B28F}"
	ProjectSection(WebsiteProperties) = preProject
		Debug.AspNetCompiler.Debug = "True"
		Release.AspNetCompiler.Debug = "False"
	EndProjectSection
EndProject
Project("{8BC9CEB8-8B4A-11D0-8D11-00A0C91BC942}") = "tolua", "vc8\tolua.vcproj", "{35E36A06-0A5C-4A0D-9AB6-5A05EAA87626}"
	ProjectSection(WebsiteProperties) = preProject
		Debug.AspNetCompiler.Debug = "True"
		Release.AspNetCompiler.Debug = "False"
	EndProjectSection
EndProject
Project("{8BC9CEB8-8B4A-11D0-8D11-00A0C91BC942}") = "ois", "vc8\ois.vcproj", "{9CC704CB-4956-4479-BDEC-57CBC03F700E}"
	ProjectSection(WebsiteProperties) = preProject
		Debug.AspNetCompiler.Debug = "True"
		Release.AspNetCompiler.Debug = "False"
	EndProjectSection
EndProject
Project("{8BC9CEB8-8B4A-11D0-8D11-00A0C91BC942}") = "cpptcl", "vc8\cpptcl.vcproj", "{53C56131-E2AA-4A27-B460-7AC05D61A0E6}"
	ProjectSection(WebsiteProperties) = preProject
		Debug.AspNetCompiler.Debug = "True"
		Release.AspNetCompiler.Debug = "False"
	EndProjectSection
EndProject
Global
	GlobalSection(SolutionConfigurationPlatforms) = preSolution
		Debug|Win32 = Debug|Win32
		Release|Win32 = Release|Win32
		static_libs_debug|Win32 = static_libs_debug|Win32
		static_libs_release|Win32 = static_libs_release|Win32
	EndGlobalSection
	GlobalSection(ProjectConfigurationPlatforms) = postSolution
		{4733BD1A-E04C-458D-8BFB-5010250EA497}.Debug|Win32.ActiveCfg = Debug|Win32
		{4733BD1A-E04C-458D-8BFB-5010250EA497}.Debug|Win32.Build.0 = Debug|Win32
		{4733BD1A-E04C-458D-8BFB-5010250EA497}.Release|Win32.ActiveCfg = Release|Win32
		{4733BD1A-E04C-458D-8BFB-5010250EA497}.Release|Win32.Build.0 = Release|Win32
		{4733BD1A-E04C-458D-8BFB-5010250EA497}.static_libs_debug|Win32.ActiveCfg = Release|Win32
		{4733BD1A-E04C-458D-8BFB-5010250EA497}.static_libs_release|Win32.ActiveCfg = Release|Win32
		{271715F3-5B90-4110-A552-70C788084A86}.Debug|Win32.ActiveCfg = Debug|Win32
		{271715F3-5B90-4110-A552-70C788084A86}.Debug|Win32.Build.0 = Debug|Win32
		{271715F3-5B90-4110-A552-70C788084A86}.Release|Win32.ActiveCfg = Release|Win32
		{271715F3-5B90-4110-A552-70C788084A86}.Release|Win32.Build.0 = Release|Win32
		{271715F3-5B90-4110-A552-70C788084A86}.static_libs_debug|Win32.ActiveCfg = Release|Win32
		{271715F3-5B90-4110-A552-70C788084A86}.static_libs_release|Win32.ActiveCfg = Release|Win32
		{35575B59-E1AE-40E8-89C4-2862B5B09B68}.Debug|Win32.ActiveCfg = Debug|Win32
		{35575B59-E1AE-40E8-89C4-2862B5B09B68}.Debug|Win32.Build.0 = Debug|Win32
		{35575B59-E1AE-40E8-89C4-2862B5B09B68}.Release|Win32.ActiveCfg = Release|Win32
		{35575B59-E1AE-40E8-89C4-2862B5B09B68}.Release|Win32.Build.0 = Release|Win32
		{35575B59-E1AE-40E8-89C4-2862B5B09B68}.static_libs_debug|Win32.ActiveCfg = Release|Win32
		{35575B59-E1AE-40E8-89C4-2862B5B09B68}.static_libs_release|Win32.ActiveCfg = Release|Win32
		{0B6C5CFD-F91B-432A-80A3-2610F61E060B}.Debug|Win32.ActiveCfg = Debug|Win32
		{0B6C5CFD-F91B-432A-80A3-2610F61E060B}.Debug|Win32.Build.0 = Debug|Win32
		{0B6C5CFD-F91B-432A-80A3-2610F61E060B}.Release|Win32.ActiveCfg = Release|Win32
		{0B6C5CFD-F91B-432A-80A3-2610F61E060B}.Release|Win32.Build.0 = Release|Win32
		{0B6C5CFD-F91B-432A-80A3-2610F61E060B}.static_libs_debug|Win32.ActiveCfg = Release|Win32
		{0B6C5CFD-F91B-432A-80A3-2610F61E060B}.static_libs_release|Win32.ActiveCfg = Release|Win32
		{2240ECD7-2F48-4431-8E1B-25466A384CCC}.Debug|Win32.ActiveCfg = Debug|Win32
		{2240ECD7-2F48-4431-8E1B-25466A384CCC}.Debug|Win32.Build.0 = Debug|Win32
		{2240ECD7-2F48-4431-8E1B-25466A384CCC}.Release|Win32.ActiveCfg = Release|Win32
		{2240ECD7-2F48-4431-8E1B-25466A384CCC}.Release|Win32.Build.0 = Release|Win32
		{2240ECD7-2F48-4431-8E1B-25466A384CCC}.static_libs_debug|Win32.ActiveCfg = Release|Win32
		{2240ECD7-2F48-4431-8E1B-25466A384CCC}.static_libs_release|Win32.ActiveCfg = Release|Win32
		{F101C2F0-1CB9-4A57-827B-6C399A99B28F}.Debug|Win32.ActiveCfg = Debug|Win32
		{F101C2F0-1CB9-4A57-827B-6C399A99B28F}.Debug|Win32.Build.0 = Debug|Win32
		{F101C2F0-1CB9-4A57-827B-6C399A99B28F}.Release|Win32.ActiveCfg = Release|Win32
		{F101C2F0-1CB9-4A57-827B-6C399A99B28F}.Release|Win32.Build.0 = Release|Win32
		{F101C2F0-1CB9-4A57-827B-6C399A99B28F}.static_libs_debug|Win32.ActiveCfg = Debug|Win32
		{F101C2F0-1CB9-4A57-827B-6C399A99B28F}.static_libs_debug|Win32.Build.0 = Debug|Win32
		{F101C2F0-1CB9-4A57-827B-6C399A99B28F}.static_libs_release|Win32.ActiveCfg = Release|Win32
		{F101C2F0-1CB9-4A57-827B-6C399A99B28F}.static_libs_release|Win32.Build.0 = Release|Win32
		{35E36A06-0A5C-4A0D-9AB6-5A05EAA87626}.Debug|Win32.ActiveCfg = Debug|Win32
		{35E36A06-0A5C-4A0D-9AB6-5A05EAA87626}.Debug|Win32.Build.0 = Debug|Win32
		{35E36A06-0A5C-4A0D-9AB6-5A05EAA87626}.Release|Win32.ActiveCfg = Release|Win32
		{35E36A06-0A5C-4A0D-9AB6-5A05EAA87626}.Release|Win32.Build.0 = Release|Win32
		{35E36A06-0A5C-4A0D-9AB6-5A05EAA87626}.static_libs_debug|Win32.ActiveCfg = Debug|Win32
		{35E36A06-0A5C-4A0D-9AB6-5A05EAA87626}.static_libs_debug|Win32.Build.0 = Debug|Win32
		{35E36A06-0A5C-4A0D-9AB6-5A05EAA87626}.static_libs_release|Win32.ActiveCfg = Release|Win32
		{35E36A06-0A5C-4A0D-9AB6-5A05EAA87626}.static_libs_release|Win32.Build.0 = Release|Win32
		{9CC704CB-4956-4479-BDEC-57CBC03F700E}.Debug|Win32.ActiveCfg = Debug|Win32
		{9CC704CB-4956-4479-BDEC-57CBC03F700E}.Debug|Win32.Build.0 = Debug|Win32
		{9CC704CB-4956-4479-BDEC-57CBC03F700E}.Release|Win32.ActiveCfg = Release|Win32
		{9CC704CB-4956-4479-BDEC-57CBC03F700E}.Release|Win32.Build.0 = Release|Win32
		{9CC704CB-4956-4479-BDEC-57CBC03F700E}.static_libs_debug|Win32.ActiveCfg = Release|Win32
		{9CC704CB-4956-4479-BDEC-57CBC03F700E}.static_libs_debug|Win32.Build.0 = Release|Win32
		{9CC704CB-4956-4479-BDEC-57CBC03F700E}.static_libs_release|Win32.ActiveCfg = Release|Win32
		{9CC704CB-4956-4479-BDEC-57CBC03F700E}.static_libs_release|Win32.Build.0 = Release|Win32
		{53C56131-E2AA-4A27-B460-7AC05D61A0E6}.Debug|Win32.ActiveCfg = Debug|Win32
		{53C56131-E2AA-4A27-B460-7AC05D61A0E6}.Debug|Win32.Build.0 = Debug|Win32
		{53C56131-E2AA-4A27-B460-7AC05D61A0E6}.Release|Win32.ActiveCfg = Release|Win32
		{53C56131-E2AA-4A27-B460-7AC05D61A0E6}.Release|Win32.Build.0 = Release|Win32
		{53C56131-E2AA-4A27-B460-7AC05D61A0E6}.static_libs_debug|Win32.ActiveCfg = Release|Win32
		{53C56131-E2AA-4A27-B460-7AC05D61A0E6}.static_libs_debug|Win32.Build.0 = Release|Win32
		{53C56131-E2AA-4A27-B460-7AC05D61A0E6}.static_libs_release|Win32.ActiveCfg = Release|Win32
		{53C56131-E2AA-4A27-B460-7AC05D61A0E6}.static_libs_release|Win32.Build.0 = Release|Win32
	EndGlobalSection
	GlobalSection(SolutionProperties) = preSolution
		HideSolutionNode = FALSE
	EndGlobalSection
EndGlobal
